
Microsoft Visual Studio Solution File, Format Version 12.00
# Visual Studio Version 17
VisualStudioVersion = 17.7.34024.191
MinimumVisualStudioVersion = 10.0.40219.1
Project("{FAE04EC0-301F-11D3-BF4B-00C04F79EFBC}") = "LR11", "LR11\LR11.csproj", "{B0BBEE86-0375-43DA-B1C5-9EC86A804CF1}"
EndProject
Global
	GlobalSection(SolutionConfigurationPlatforms) = preSolution
		Debug|Any CPU = Debug|Any CPU
		Release|Any CPU = Release|Any CPU
	EndGlobalSection
	GlobalSection(ProjectConfigurationPlatforms) = postSolution
		{B0BBEE86-0375-43DA-B1C5-9EC86A804CF1}.Debug|Any CPU.ActiveCfg = Debug|Any CPU
		{B0BBEE86-0375-43DA-B1C5-9EC86A804CF1}.Debug|Any CPU.Build.0 = Debug|Any CPU
		{B0BBEE86-0375-43DA-B1C5-9EC86A804CF1}.Release|Any CPU.ActiveCfg = Release|Any CPU
		{B0BBEE86-0375-43DA-B1C5-9EC86A804CF1}.Release|Any CPU.Build.0 = Release|Any CPU
	EndGlobalSection
	GlobalSection(SolutionProperties) = preSolution
		HideSolutionNode = FALSE
	EndGlobalSection
	GlobalSection(ExtensibilityGlobals) = postSolution
		SolutionGuid = {F3B46F6F-BC13-4A1B-900F-4AC16744E625}
	EndGlobalSection
EndGlobal
